
Microsoft Visual Studio Solution File, Format Version 12.00
# Visual Studio Version 16
VisualStudioVersion = 16.0.30907.101
MinimumVisualStudioVersion = 10.0.40219.1
Project("{FAE04EC0-301F-11D3-BF4B-00C04F79EFBC}") = "Section17_233_ExercicioDeFixacao", "Section17_233_ExercicioDeFixacao\Section17_233_ExercicioDeFixacao.csproj", "{4578BD09-7BF7-4085-9C76-1F606D15420D}"
EndProject
Global
	GlobalSection(SolutionConfigurationPlatforms) = preSolution
		Debug|Any CPU = Debug|Any CPU
		Release|Any CPU = Release|Any CPU
	EndGlobalSection
	GlobalSection(ProjectConfigurationPlatforms) = postSolution
		{4578BD09-7BF7-4085-9C76-1F606D15420D}.Debug|Any CPU.ActiveCfg = Debug|Any CPU
		{4578BD09-7BF7-4085-9C76-1F606D15420D}.Debug|Any CPU.Build.0 = Debug|Any CPU
		{4578BD09-7BF7-4085-9C76-1F606D15420D}.Release|Any CPU.ActiveCfg = Release|Any CPU
		{4578BD09-7BF7-4085-9C76-1F606D15420D}.Release|Any CPU.Build.0 = Release|Any CPU
	EndGlobalSection
	GlobalSection(SolutionProperties) = preSolution
		HideSolutionNode = FALSE
	EndGlobalSection
	GlobalSection(ExtensibilityGlobals) = postSolution
		SolutionGuid = {EBD2ED60-8C6F-47FA-9666-788DF0082DBA}
	EndGlobalSection
EndGlobal
